
Microsoft Visual Studio Solution File, Format Version 12.00
# Visual Studio Version 16
VisualStudioVersion = 16.0.31019.35
MinimumVisualStudioVersion = 10.0.40219.1
Project("{FAE04EC0-301F-11D3-BF4B-00C04F79EFBC}") = "ConsoleApp1", "ConsoleApp1\ConsoleApp1.csproj", "{33069617-C6B5-4ABA-9380-8553A81DEECB}"
EndProject
Global
	GlobalSection(SolutionConfigurationPlatforms) = preSolution
		Debug|Any CPU = Debug|Any CPU
		Release|Any CPU = Release|Any CPU
	EndGlobalSection
	GlobalSection(ProjectConfigurationPlatforms) = postSolution
		{33069617-C6B5-4ABA-9380-8553A81DEECB}.Debug|Any CPU.ActiveCfg = Debug|Any CPU
		{33069617-C6B5-4ABA-9380-8553A81DEECB}.Debug|Any CPU.Build.0 = Debug|Any CPU
		{33069617-C6B5-4ABA-9380-8553A81DEECB}.Release|Any CPU.ActiveCfg = Release|Any CPU
		{33069617-C6B5-4ABA-9380-8553A81DEECB}.Release|Any CPU.Build.0 = Release|Any CPU
	EndGlobalSection
	GlobalSection(SolutionProperties) = preSolution
		HideSolutionNode = FALSE
	EndGlobalSection
	GlobalSection(ExtensibilityGlobals) = postSolution
		SolutionGuid = {62D01331-4015-4EAE-945F-626691233608}
	EndGlobalSection
EndGlobal
